
Microsoft Visual Studio Solution File, Format Version 12.00
# Visual Studio Version 17
VisualStudioVersion = 17.9.34728.123
MinimumVisualStudioVersion = 10.0.40219.1
Project("{FAE04EC0-301F-11D3-BF4B-00C04F79EFBC}") = "FitMentor_API", "FitMentor_API\FitMentor_API.csproj", "{B06EA0F9-06F8-4218-87A3-D961D55678AF}"
EndProject
Project("{FAE04EC0-301F-11D3-BF4B-00C04F79EFBC}") = "FitMentor_UI", "FitMentor_UI\FitMentor_UI.csproj", "{7C4A8B13-3636-4937-A236-0A138063C21F}"
EndProject
Global
	GlobalSection(SolutionConfigurationPlatforms) = preSolution
		Debug|Any CPU = Debug|Any CPU
		Release|Any CPU = Release|Any CPU
	EndGlobalSection
	GlobalSection(ProjectConfigurationPlatforms) = postSolution
		{B06EA0F9-06F8-4218-87A3-D961D55678AF}.Debug|Any CPU.ActiveCfg = Debug|Any CPU
		{B06EA0F9-06F8-4218-87A3-D961D55678AF}.Debug|Any CPU.Build.0 = Debug|Any CPU
		{B06EA0F9-06F8-4218-87A3-D961D55678AF}.Release|Any CPU.ActiveCfg = Release|Any CPU
		{B06EA0F9-06F8-4218-87A3-D961D55678AF}.Release|Any CPU.Build.0 = Release|Any CPU
		{7C4A8B13-3636-4937-A236-0A138063C21F}.Debug|Any CPU.ActiveCfg = Debug|Any CPU
		{7C4A8B13-3636-4937-A236-0A138063C21F}.Debug|Any CPU.Build.0 = Debug|Any CPU
		{7C4A8B13-3636-4937-A236-0A138063C21F}.Release|Any CPU.ActiveCfg = Release|Any CPU
		{7C4A8B13-3636-4937-A236-0A138063C21F}.Release|Any CPU.Build.0 = Release|Any CPU
	EndGlobalSection
	GlobalSection(SolutionProperties) = preSolution
		HideSolutionNode = FALSE
	EndGlobalSection
	GlobalSection(ExtensibilityGlobals) = postSolution
		SolutionGuid = {A2ADA4A2-4B92-4F9A-ACB5-F715203983DC}
	EndGlobalSection
EndGlobal
